
Microsoft Visual Studio Solution File, Format Version 12.00
# Visual Studio Version 16
VisualStudioVersion = 16.0.31911.196
MinimumVisualStudioVersion = 10.0.40219.1
Project("{9A19103F-16F7-4668-BE54-9A1E7A4F7556}") = "OnlineCarAuction", "OnlineCarAuction\OnlineCarAuction.csproj", "{45C166E1-DAC2-4108-BD0C-0C9123E6800C}"
EndProject
Project("{9A19103F-16F7-4668-BE54-9A1E7A4F7556}") = "UniversityEventsManagement", "UniversityEventsManagement\UniversityEventsManagement.csproj", "{085718A8-9D3E-4F64-977C-1AF426A940B3}"
EndProject
Project("{9A19103F-16F7-4668-BE54-9A1E7A4F7556}") = "LibraryBookManagement", "LibraryBookManagement\LibraryBookManagement.csproj", "{8E9D427B-F789-44C3-A739-9756394FBE44}"
EndProject
Global
	GlobalSection(SolutionConfigurationPlatforms) = preSolution
		Debug|Any CPU = Debug|Any CPU
		Release|Any CPU = Release|Any CPU
	EndGlobalSection
	GlobalSection(ProjectConfigurationPlatforms) = postSolution
		{45C166E1-DAC2-4108-BD0C-0C9123E6800C}.Debug|Any CPU.ActiveCfg = Debug|Any CPU
		{45C166E1-DAC2-4108-BD0C-0C9123E6800C}.Debug|Any CPU.Build.0 = Debug|Any CPU
		{45C166E1-DAC2-4108-BD0C-0C9123E6800C}.Release|Any CPU.ActiveCfg = Release|Any CPU
		{45C166E1-DAC2-4108-BD0C-0C9123E6800C}.Release|Any CPU.Build.0 = Release|Any CPU
		{085718A8-9D3E-4F64-977C-1AF426A940B3}.Debug|Any CPU.ActiveCfg = Debug|Any CPU
		{085718A8-9D3E-4F64-977C-1AF426A940B3}.Debug|Any CPU.Build.0 = Debug|Any CPU
		{085718A8-9D3E-4F64-977C-1AF426A940B3}.Release|Any CPU.ActiveCfg = Release|Any CPU
		{085718A8-9D3E-4F64-977C-1AF426A940B3}.Release|Any CPU.Build.0 = Release|Any CPU
		{8E9D427B-F789-44C3-A739-9756394FBE44}.Debug|Any CPU.ActiveCfg = Debug|Any CPU
		{8E9D427B-F789-44C3-A739-9756394FBE44}.Debug|Any CPU.Build.0 = Debug|Any CPU
		{8E9D427B-F789-44C3-A739-9756394FBE44}.Release|Any CPU.ActiveCfg = Release|Any CPU
		{8E9D427B-F789-44C3-A739-9756394FBE44}.Release|Any CPU.Build.0 = Release|Any CPU
	EndGlobalSection
	GlobalSection(SolutionProperties) = preSolution
		HideSolutionNode = FALSE
	EndGlobalSection
	GlobalSection(ExtensibilityGlobals) = postSolution
		SolutionGuid = {A55DBB4F-61C0-47B6-B41C-6A724A50B6D6}
	EndGlobalSection
EndGlobal
